
Microsoft Visual Studio Solution File, Format Version 12.00
# Visual Studio Version 16
VisualStudioVersion = 16.0.30431.218
MinimumVisualStudioVersion = 10.0.40219.1
Project("{9A19103F-16F7-4668-BE54-9A1E7A4F7556}") = "frontend", "frontend.csproj", "{E5A94B9D-5BDD-47E2-8DC3-2CD1CDD88F43}"
EndProject
Global
	GlobalSection(SolutionConfigurationPlatforms) = preSolution
		Debug|Any CPU = Debug|Any CPU
		Release|Any CPU = Release|Any CPU
	EndGlobalSection
	GlobalSection(ProjectConfigurationPlatforms) = postSolution
		{E5A94B9D-5BDD-47E2-8DC3-2CD1CDD88F43}.Debug|Any CPU.ActiveCfg = Debug|Any CPU
		{E5A94B9D-5BDD-47E2-8DC3-2CD1CDD88F43}.Debug|Any CPU.Build.0 = Debug|Any CPU
		{E5A94B9D-5BDD-47E2-8DC3-2CD1CDD88F43}.Release|Any CPU.ActiveCfg = Release|Any CPU
		{E5A94B9D-5BDD-47E2-8DC3-2CD1CDD88F43}.Release|Any CPU.Build.0 = Release|Any CPU
	EndGlobalSection
	GlobalSection(SolutionProperties) = preSolution
		HideSolutionNode = FALSE
	EndGlobalSection
	GlobalSection(ExtensibilityGlobals) = postSolution
		SolutionGuid = {53891210-192F-49EB-9D3A-9BE255C5F54D}
	EndGlobalSection
EndGlobal
